// !$*UTF8*$!
{
	archiveVersion = 1;
	classes = {
	};
	objectVersion = 50;
	objects = {

/* Begin PBXBuildFile section */
		B234745721ABDA4300C2689B /* AppDelegate.swift in Sources */ = {isa = PBXBuildFile; fileRef = B234745621ABDA4300C2689B /* AppDelegate.swift */; };
		B234745921ABDA4300C2689B /* ViewController.swift in Sources */ = {isa = PBXBuildFile; fileRef = B234745821ABDA4300C2689B /* ViewController.swift */; };
		B234745C21ABDA4300C2689B /* Main.storyboard in Resources */ = {isa = PBXBuildFile; fileRef = B234745A21ABDA4300C2689B /* Main.storyboard */; };
		B234745E21ABDA4400C2689B /* Assets.xcassets in Resources */ = {isa = PBXBuildFile; fileRef = B234745D21ABDA4400C2689B /* Assets.xcassets */; };
		B234746121ABDA4400C2689B /* LaunchScreen.storyboard in Resources */ = {isa = PBXBuildFile; fileRef = B234745F21ABDA4400C2689B /* LaunchScreen.storyboard */; };
		B234746E21ABE11100C2689B /* MTChatBarController.swift in Sources */ = {isa = PBXBuildFile; fileRef = B234746D21ABE11100C2689B /* MTChatBarController.swift */; };
		B234747121ABE1BA00C2689B /* MTUserType.swift in Sources */ = {isa = PBXBuildFile; fileRef = B234747021ABE1BA00C2689B /* MTUserType.swift */; };
		B234747321ABE25C00C2689B /* MTChatBarView.swift in Sources */ = {isa = PBXBuildFile; fileRef = B234747221ABE25C00C2689B /* MTChatBarView.swift */; };
		B234747721ABE3EC00C2689B /* MTChatConstant.swift in Sources */ = {isa = PBXBuildFile; fileRef = B234747621ABE3EC00C2689B /* MTChatConstant.swift */; };
		B234747921ABE4E000C2689B /* MTChatEnums.swift in Sources */ = {isa = PBXBuildFile; fileRef = B234747821ABE4E000C2689B /* MTChatEnums.swift */; };
		B234748821ABE61000C2689B /* UIScrollView.swift in Sources */ = {isa = PBXBuildFile; fileRef = B234747D21ABE61000C2689B /* UIScrollView.swift */; };
		B234748921ABE61000C2689B /* UIImagePickerController.swift in Sources */ = {isa = PBXBuildFile; fileRef = B234747E21ABE61000C2689B /* UIImagePickerController.swift */; };
		B234748A21ABE61000C2689B /* UIGestureRecognizer.swift in Sources */ = {isa = PBXBuildFile; fileRef = B234747F21ABE61000C2689B /* UIGestureRecognizer.swift */; };
		B234748B21ABE61000C2689B /* UIBarButtonItem.swift in Sources */ = {isa = PBXBuildFile; fileRef = B234748021ABE61000C2689B /* UIBarButtonItem.swift */; };
		B234748C21ABE61000C2689B /* UICollectionView.swift in Sources */ = {isa = PBXBuildFile; fileRef = B234748121ABE61000C2689B /* UICollectionView.swift */; };
		B234748D21ABE61000C2689B /* UITableView.swift in Sources */ = {isa = PBXBuildFile; fileRef = B234748221ABE61000C2689B /* UITableView.swift */; };
		B234748E21ABE61000C2689B /* UIPickerView.swift in Sources */ = {isa = PBXBuildFile; fileRef = B234748321ABE61000C2689B /* UIPickerView.swift */; };
		B234748F21ABE61000C2689B /* Core.swift in Sources */ = {isa = PBXBuildFile; fileRef = B234748421ABE61000C2689B /* Core.swift */; };
		B234749021ABE61000C2689B /* UIControl.swift in Sources */ = {isa = PBXBuildFile; fileRef = B234748521ABE61000C2689B /* UIControl.swift */; };
		B234749121ABE61000C2689B /* KVO.swift in Sources */ = {isa = PBXBuildFile; fileRef = B234748621ABE61000C2689B /* KVO.swift */; };
		B234749321ABE62900C2689B /* Then.swift in Sources */ = {isa = PBXBuildFile; fileRef = B234749221ABE62900C2689B /* Then.swift */; };
		B234749621ABE89300C2689B /* UIColorExtension.swift in Sources */ = {isa = PBXBuildFile; fileRef = B234749521ABE89300C2689B /* UIColorExtension.swift */; };
		B234749921ABF4F200C2689B /* MTLogUtil.swift in Sources */ = {isa = PBXBuildFile; fileRef = B234749821ABF4F200C2689B /* MTLogUtil.swift */; };
		B234749B21ABF9CB00C2689B /* UIViewExtension.swift in Sources */ = {isa = PBXBuildFile; fileRef = B234749A21ABF9CB00C2689B /* UIViewExtension.swift */; };
		B234749D21ABFDF900C2689B /* MTChatNoticeName.swift in Sources */ = {isa = PBXBuildFile; fileRef = B234749C21ABFDF900C2689B /* MTChatNoticeName.swift */; };
		B234749F21AC0C0800C2689B /* MTChatMoreCell.swift in Sources */ = {isa = PBXBuildFile; fileRef = B234749E21AC0C0800C2689B /* MTChatMoreCell.swift */; };
		B23474A121AC10CD00C2689B /* MTChatHorizontalLayout.swift in Sources */ = {isa = PBXBuildFile; fileRef = B23474A021AC10CD00C2689B /* MTChatHorizontalLayout.swift */; };
		B23474A321ACD24400C2689B /* MTChatMoreView.swift in Sources */ = {isa = PBXBuildFile; fileRef = B23474A221ACD24400C2689B /* MTChatMoreView.swift */; };
		B23474A521ACDD3100C2689B /* MTEmotionType.swift in Sources */ = {isa = PBXBuildFile; fileRef = B23474A421ACDD3100C2689B /* MTEmotionType.swift */; };
		B23474A721ACDF3D00C2689B /* MTChatEmotionCell.swift in Sources */ = {isa = PBXBuildFile; fileRef = B23474A621ACDF3D00C2689B /* MTChatEmotionCell.swift */; };
		B23474A921ACE08A00C2689B /* MTChatEmotionView.swift in Sources */ = {isa = PBXBuildFile; fileRef = B23474A821ACE08A00C2689B /* MTChatEmotionView.swift */; };
		B23474AC21ACE9AF00C2689B /* MTEmotionHelp.swift in Sources */ = {isa = PBXBuildFile; fileRef = B23474AB21ACE9AF00C2689B /* MTEmotionHelp.swift */; };
		B23474AF21ACEA0000C2689B /* MTChatEmotion.swift in Sources */ = {isa = PBXBuildFile; fileRef = B23474AE21ACEA0000C2689B /* MTChatEmotion.swift */; };
		B23474B121ACF19C00C2689B /* MTChatVoiceView.swift in Sources */ = {isa = PBXBuildFile; fileRef = B23474B021ACF19C00C2689B /* MTChatVoiceView.swift */; };
		B23474D021AD2D0F00C2689B /* TZImageCropManager.m in Sources */ = {isa = PBXBuildFile; fileRef = B23474B521AD2D0F00C2689B /* TZImageCropManager.m */; };
		B23474D121AD2D0F00C2689B /* TZAssetCell.m in Sources */ = {isa = PBXBuildFile; fileRef = B23474B721AD2D0F00C2689B /* TZAssetCell.m */; };
		B23474D221AD2D0F00C2689B /* TZVideoPlayerController.m in Sources */ = {isa = PBXBuildFile; fileRef = B23474B821AD2D0F00C2689B /* TZVideoPlayerController.m */; };
		B23474D321AD2D0F00C2689B /* TZAssetModel.m in Sources */ = {isa = PBXBuildFile; fileRef = B23474B921AD2D0F00C2689B /* TZAssetModel.m */; };
		B23474D421AD2D0F00C2689B /* NSBundle+TZImagePicker.m in Sources */ = {isa = PBXBuildFile; fileRef = B23474BA21AD2D0F00C2689B /* NSBundle+TZImagePicker.m */; };
		B23474D521AD2D0F00C2689B /* UIView+Layout.m in Sources */ = {isa = PBXBuildFile; fileRef = B23474BD21AD2D0F00C2689B /* UIView+Layout.m */; };
		B23474D621AD2D0F00C2689B /* TZPhotoPreviewController.m in Sources */ = {isa = PBXBuildFile; fileRef = B23474BE21AD2D0F00C2689B /* TZPhotoPreviewController.m */; };
		B23474D721AD2D0F00C2689B /* TZImagePickerController.bundle in Resources */ = {isa = PBXBuildFile; fileRef = B23474BF21AD2D0F00C2689B /* TZImagePickerController.bundle */; };
		B23474D821AD2D0F00C2689B /* TZProgressView.m in Sources */ = {isa = PBXBuildFile; fileRef = B23474C021AD2D0F00C2689B /* TZProgressView.m */; };
		B23474D921AD2D0F00C2689B /* TZImageManager.m in Sources */ = {isa = PBXBuildFile; fileRef = B23474C321AD2D0F00C2689B /* TZImageManager.m */; };
		B23474DA21AD2D0F00C2689B /* TZPhotoPickerController.m in Sources */ = {isa = PBXBuildFile; fileRef = B23474C521AD2D0F00C2689B /* TZPhotoPickerController.m */; };
		B23474DB21AD2D0F00C2689B /* TZPhotoPreviewCell.m in Sources */ = {isa = PBXBuildFile; fileRef = B23474C621AD2D0F00C2689B /* TZPhotoPreviewCell.m */; };
		B23474DC21AD2D0F00C2689B /* TZImagePickerController.m in Sources */ = {isa = PBXBuildFile; fileRef = B23474CC21AD2D0F00C2689B /* TZImagePickerController.m */; };
		B23474DD21AD2D0F00C2689B /* TZLocationManager.m in Sources */ = {isa = PBXBuildFile; fileRef = B23474CD21AD2D0F00C2689B /* TZLocationManager.m */; };
		B23474DE21AD2D0F00C2689B /* TZGifPhotoPreviewController.m in Sources */ = {isa = PBXBuildFile; fileRef = B23474CE21AD2D0F00C2689B /* TZGifPhotoPreviewController.m */; };
		B23474E121AD31ED00C2689B /* UITextViewExtension.swift in Sources */ = {isa = PBXBuildFile; fileRef = B23474E021AD31ED00C2689B /* UITextViewExtension.swift */; };
		B23474E321AD357D00C2689B /* MTChatController.swift in Sources */ = {isa = PBXBuildFile; fileRef = B23474E221AD357D00C2689B /* MTChatController.swift */; };
		B23474E621AD3A2E00C2689B /* MTChatMessageController.swift in Sources */ = {isa = PBXBuildFile; fileRef = B23474E521AD3A2E00C2689B /* MTChatMessageController.swift */; };
		B23474EB21AD3FFC00C2689B /* Expression.bundle in Resources */ = {isa = PBXBuildFile; fileRef = B23474E921AD3FFC00C2689B /* Expression.bundle */; };
		B23474EC21AD3FFC00C2689B /* Expression.plist in Resources */ = {isa = PBXBuildFile; fileRef = B23474EA21AD3FFC00C2689B /* Expression.plist */; };
		B23474EF21AD474400C2689B /* MTChatTools.swift in Sources */ = {isa = PBXBuildFile; fileRef = B23474EE21AD474400C2689B /* MTChatTools.swift */; };
		DA59AF76E664A602A15DB872 /* Pods_MTChat.framework in Frameworks */ = {isa = PBXBuildFile; fileRef = 9530A94A671CABA0310AB781 /* Pods_MTChat.framework */; };
/* End PBXBuildFile section */

/* Begin PBXFileReference section */
		9530A94A671CABA0310AB781 /* Pods_MTChat.framework */ = {isa = PBXFileReference; explicitFileType = wrapper.framework; includeInIndex = 0; path = Pods_MTChat.framework; sourceTree = BUILT_PRODUCTS_DIR; };
		B234745321ABDA4300C2689B /* MTChat.app */ = {isa = PBXFileReference; explicitFileType = wrapper.application; includeInIndex = 0; path = MTChat.app; sourceTree = BUILT_PRODUCTS_DIR; };
		B234745621ABDA4300C2689B /* AppDelegate.swift */ = {isa = PBXFileReference; lastKnownFileType = sourcecode.swift; path = AppDelegate.swift; sourceTree = "<group>"; };
		B234745821ABDA4300C2689B /* ViewController.swift */ = {isa = PBXFileReference; lastKnownFileType = sourcecode.swift; path = ViewController.swift; sourceTree = "<group>"; };
		B234745B21ABDA4300C2689B /* Base */ = {isa = PBXFileReference; lastKnownFileType = file.storyboard; name = Base; path = Base.lproj/Main.storyboard; sourceTree = "<group>"; };
		B234745D21ABDA4400C2689B /* Assets.xcassets */ = {isa = PBXFileReference; lastKnownFileType = folder.assetcatalog; path = Assets.xcassets; sourceTree = "<group>"; };
		B234746021ABDA4400C2689B /* Base */ = {isa = PBXFileReference; lastKnownFileType = file.storyboard; name = Base; path = Base.lproj/LaunchScreen.storyboard; sourceTree = "<group>"; };
		B234746221ABDA4400C2689B /* Info.plist */ = {isa = PBXFileReference; lastKnownFileType = text.plist.xml; path = Info.plist; sourceTree = "<group>"; };
		B234746D21ABE11100C2689B /* MTChatBarController.swift */ = {isa = PBXFileReference; lastKnownFileType = sourcecode.swift; path = MTChatBarController.swift; sourceTree = "<group>"; };
		B234747021ABE1BA00C2689B /* MTUserType.swift */ = {isa = PBXFileReference; lastKnownFileType = sourcecode.swift; path = MTUserType.swift; sourceTree = "<group>"; };
		B234747221ABE25C00C2689B /* MTChatBarView.swift */ = {isa = PBXFileReference; lastKnownFileType = sourcecode.swift; path = MTChatBarView.swift; sourceTree = "<group>"; };
		B234747621ABE3EC00C2689B /* MTChatConstant.swift */ = {isa = PBXFileReference; lastKnownFileType = sourcecode.swift; path = MTChatConstant.swift; sourceTree = "<group>"; };
		B234747821ABE4E000C2689B /* MTChatEnums.swift */ = {isa = PBXFileReference; lastKnownFileType = sourcecode.swift; path = MTChatEnums.swift; sourceTree = "<group>"; };
		B234747D21ABE61000C2689B /* UIScrollView.swift */ = {isa = PBXFileReference; fileEncoding = 4; lastKnownFileType = sourcecode.swift; path = UIScrollView.swift; sourceTree = "<group>"; };
		B234747E21ABE61000C2689B /* UIImagePickerController.swift */ = {isa = PBXFileReference; fileEncoding = 4; lastKnownFileType = sourcecode.swift; path = UIImagePickerController.swift; sourceTree = "<group>"; };
		B234747F21ABE61000C2689B /* UIGestureRecognizer.swift */ = {isa = PBXFileReference; fileEncoding = 4; lastKnownFileType = sourcecode.swift; path = UIGestureRecognizer.swift; sourceTree = "<group>"; };
		B234748021ABE61000C2689B /* UIBarButtonItem.swift */ = {isa = PBXFileReference; fileEncoding = 4; lastKnownFileType = sourcecode.swift; path = UIBarButtonItem.swift; sourceTree = "<group>"; };
		B234748121ABE61000C2689B /* UICollectionView.swift */ = {isa = PBXFileReference; fileEncoding = 4; lastKnownFileType = sourcecode.swift; path = UICollectionView.swift; sourceTree = "<group>"; };
		B234748221ABE61000C2689B /* UITableView.swift */ = {isa = PBXFileReference; fileEncoding = 4; lastKnownFileType = sourcecode.swift; path = UITableView.swift; sourceTree = "<group>"; };
		B234748321ABE61000C2689B /* UIPickerView.swift */ = {isa = PBXFileReference; fileEncoding = 4; lastKnownFileType = sourcecode.swift; path = UIPickerView.swift; sourceTree = "<group>"; };
		B234748421ABE61000C2689B /* Core.swift */ = {isa = PBXFileReference; fileEncoding = 4; lastKnownFileType = sourcecode.swift; path = Core.swift; sourceTree = "<group>"; };
		B234748521ABE61000C2689B /* UIControl.swift */ = {isa = PBXFileReference; fileEncoding = 4; lastKnownFileType = sourcecode.swift; path = UIControl.swift; sourceTree = "<group>"; };
		B234748621ABE61000C2689B /* KVO.swift */ = {isa = PBXFileReference; fileEncoding = 4; lastKnownFileType = sourcecode.swift; path = KVO.swift; sourceTree = "<group>"; };
		B234748721ABE61000C2689B /* Closures.h */ = {isa = PBXFileReference; fileEncoding = 4; lastKnownFileType = sourcecode.c.h; path = Closures.h; sourceTree = "<group>"; };
		B234749221ABE62900C2689B /* Then.swift */ = {isa = PBXFileReference; fileEncoding = 4; lastKnownFileType = sourcecode.swift; path = Then.swift; sourceTree = "<group>"; };
		B234749521ABE89300C2689B /* UIColorExtension.swift */ = {isa = PBXFileReference; lastKnownFileType = sourcecode.swift; path = UIColorExtension.swift; sourceTree = "<group>"; };
		B234749821ABF4F200C2689B /* MTLogUtil.swift */ = {isa = PBXFileReference; lastKnownFileType = sourcecode.swift; path = MTLogUtil.swift; sourceTree = "<group>"; };
		B234749A21ABF9CB00C2689B /* UIViewExtension.swift */ = {isa = PBXFileReference; lastKnownFileType = sourcecode.swift; path = UIViewExtension.swift; sourceTree = "<group>"; };
		B234749C21ABFDF900C2689B /* MTChatNoticeName.swift */ = {isa = PBXFileReference; lastKnownFileType = sourcecode.swift; path = MTChatNoticeName.swift; sourceTree = "<group>"; };
		B234749E21AC0C0800C2689B /* MTChatMoreCell.swift */ = {isa = PBXFileReference; lastKnownFileType = sourcecode.swift; path = MTChatMoreCell.swift; sourceTree = "<group>"; };
		B23474A021AC10CD00C2689B /* MTChatHorizontalLayout.swift */ = {isa = PBXFileReference; lastKnownFileType = sourcecode.swift; path = MTChatHorizontalLayout.swift; sourceTree = "<group>"; };
		B23474A221ACD24400C2689B /* MTChatMoreView.swift */ = {isa = PBXFileReference; lastKnownFileType = sourcecode.swift; path = MTChatMoreView.swift; sourceTree = "<group>"; };
		B23474A421ACDD3100C2689B /* MTEmotionType.swift */ = {isa = PBXFileReference; lastKnownFileType = sourcecode.swift; path = MTEmotionType.swift; sourceTree = "<group>"; };
		B23474A621ACDF3D00C2689B /* MTChatEmotionCell.swift */ = {isa = PBXFileReference; lastKnownFileType = sourcecode.swift; path = MTChatEmotionCell.swift; sourceTree = "<group>"; };
		B23474A821ACE08A00C2689B /* MTChatEmotionView.swift */ = {isa = PBXFileReference; lastKnownFileType = sourcecode.swift; path = MTChatEmotionView.swift; sourceTree = "<group>"; };
		B23474AB21ACE9AF00C2689B /* MTEmotionHelp.swift */ = {isa = PBXFileReference; lastKnownFileType = sourcecode.swift; path = MTEmotionHelp.swift; sourceTree = "<group>"; };
		B23474AE21ACEA0000C2689B /* MTChatEmotion.swift */ = {isa = PBXFileReference; lastKnownFileType = sourcecode.swift; path = MTChatEmotion.swift; sourceTree = "<group>"; };
		B23474B021ACF19C00C2689B /* MTChatVoiceView.swift */ = {isa = PBXFileReference; lastKnownFileType = sourcecode.swift; path = MTChatVoiceView.swift; sourceTree = "<group>"; };
		B23474B321AD2D0F00C2689B /* TZPhotoPreviewCell.h */ = {isa = PBXFileReference; fileEncoding = 4; lastKnownFileType = sourcecode.c.h; path = TZPhotoPreviewCell.h; sourceTree = "<group>"; };
		B23474B421AD2D0F00C2689B /* TZPhotoPickerController.h */ = {isa = PBXFileReference; fileEncoding = 4; lastKnownFileType = sourcecode.c.h; path = TZPhotoPickerController.h; sourceTree = "<group>"; };
		B23474B521AD2D0F00C2689B /* TZImageCropManager.m */ = {isa = PBXFileReference; fileEncoding = 4; lastKnownFileType = sourcecode.c.objc; path = TZImageCropManager.m; sourceTree = "<group>"; };
		B23474B621AD2D0F00C2689B /* TZImageManager.h */ = {isa = PBXFileReference; fileEncoding = 4; lastKnownFileType = sourcecode.c.h; path = TZImageManager.h; sourceTree = "<group>"; };
		B23474B721AD2D0F00C2689B /* TZAssetCell.m */ = {isa = PBXFileReference; fileEncoding = 4; lastKnownFileType = sourcecode.c.objc; path = TZAssetCell.m; sourceTree = "<group>"; };
		B23474B821AD2D0F00C2689B /* TZVideoPlayerController.m */ = {isa = PBXFileReference; fileEncoding = 4; lastKnownFileType = sourcecode.c.objc; path = TZVideoPlayerController.m; sourceTree = "<group>"; };
		B23474B921AD2D0F00C2689B /* TZAssetModel.m */ = {isa = PBXFileReference; fileEncoding = 4; lastKnownFileType = sourcecode.c.objc; path = TZAssetModel.m; sourceTree = "<group>"; };
		B23474BA21AD2D0F00C2689B /* NSBundle+TZImagePicker.m */ = {isa = PBXFileReference; fileEncoding = 4; lastKnownFileType = sourcecode.c.objc; path = "NSBundle+TZImagePicker.m"; sourceTree = "<group>"; };
		B23474BB21AD2D0F00C2689B /* TZLocationManager.h */ = {isa = PBXFileReference; fileEncoding = 4; lastKnownFileType = sourcecode.c.h; path = TZLocationManager.h; sourceTree = "<group>"; };
		B23474BC21AD2D0F00C2689B /* TZImagePickerController.h */ = {isa = PBXFileReference; fileEncoding = 4; lastKnownFileType = sourcecode.c.h; path = TZImagePickerController.h; sourceTree = "<group>"; };
		B23474BD21AD2D0F00C2689B /* UIView+Layout.m */ = {isa = PBXFileReference; fileEncoding = 4; lastKnownFileType = sourcecode.c.objc; path = "UIView+Layout.m"; sourceTree = "<group>"; };
		B23474BE21AD2D0F00C2689B /* TZPhotoPreviewController.m */ = {isa = PBXFileReference; fileEncoding = 4; lastKnownFileType = sourcecode.c.objc; path = TZPhotoPreviewController.m; sourceTree = "<group>"; };
		B23474BF21AD2D0F00C2689B /* TZImagePickerController.bundle */ = {isa = PBXFileReference; lastKnownFileType = "wrapper.plug-in"; path = TZImagePickerController.bundle; sourceTree = "<group>"; };
		B23474C021AD2D0F00C2689B /* TZProgressView.m */ = {isa = PBXFileReference; fileEncoding = 4; lastKnownFileType = sourcecode.c.objc; path = TZProgressView.m; sourceTree = "<group>"; };
		B23474C121AD2D0F00C2689B /* TZGifPhotoPreviewController.h */ = {isa = PBXFileReference; fileEncoding = 4; lastKnownFileType = sourcecode.c.h; path = TZGifPhotoPreviewController.h; sourceTree = "<group>"; };
		B23474C221AD2D0F00C2689B /* TZAssetCell.h */ = {isa = PBXFileReference; fileEncoding = 4; lastKnownFileType = sourcecode.c.h; path = TZAssetCell.h; sourceTree = "<group>"; };
		B23474C321AD2D0F00C2689B /* TZImageManager.m */ = {isa = PBXFileReference; fileEncoding = 4; lastKnownFileType = sourcecode.c.objc; path = TZImageManager.m; sourceTree = "<group>"; };
		B23474C421AD2D0F00C2689B /* TZImageCropManager.h */ = {isa = PBXFileReference; fileEncoding = 4; lastKnownFileType = sourcecode.c.h; path = TZImageCropManager.h; sourceTree = "<group>"; };
		B23474C521AD2D0F00C2689B /* TZPhotoPickerController.m */ = {isa = PBXFileReference; fileEncoding = 4; lastKnownFileType = sourcecode.c.objc; path = TZPhotoPickerController.m; sourceTree = "<group>"; };
		B23474C621AD2D0F00C2689B /* TZPhotoPreviewCell.m */ = {isa = PBXFileReference; fileEncoding = 4; lastKnownFileType = sourcecode.c.objc; path = TZPhotoPreviewCell.m; sourceTree = "<group>"; };
		B23474C721AD2D0F00C2689B /* NSBundle+TZImagePicker.h */ = {isa = PBXFileReference; fileEncoding = 4; lastKnownFileType = sourcecode.c.h; path = "NSBundle+TZImagePicker.h"; sourceTree = "<group>"; };
		B23474C821AD2D0F00C2689B /* TZAssetModel.h */ = {isa = PBXFileReference; fileEncoding = 4; lastKnownFileType = sourcecode.c.h; path = TZAssetModel.h; sourceTree = "<group>"; };
		B23474C921AD2D0F00C2689B /* TZVideoPlayerController.h */ = {isa = PBXFileReference; fileEncoding = 4; lastKnownFileType = sourcecode.c.h; path = TZVideoPlayerController.h; sourceTree = "<group>"; };
		B23474CA21AD2D0F00C2689B /* TZPhotoPreviewController.h */ = {isa = PBXFileReference; fileEncoding = 4; lastKnownFileType = sourcecode.c.h; path = TZPhotoPreviewController.h; sourceTree = "<group>"; };
		B23474CB21AD2D0F00C2689B /* UIView+Layout.h */ = {isa = PBXFileReference; fileEncoding = 4; lastKnownFileType = sourcecode.c.h; path = "UIView+Layout.h"; sourceTree = "<group>"; };
		B23474CC21AD2D0F00C2689B /* TZImagePickerController.m */ = {isa = PBXFileReference; fileEncoding = 4; lastKnownFileType = sourcecode.c.objc; path = TZImagePickerController.m; sourceTree = "<group>"; };
		B23474CD21AD2D0F00C2689B /* TZLocationManager.m */ = {isa = PBXFileReference; fileEncoding = 4; lastKnownFileType = sourcecode.c.objc; path = TZLocationManager.m; sourceTree = "<group>"; };
		B23474CE21AD2D0F00C2689B /* TZGifPhotoPreviewController.m */ = {isa = PBXFileReference; fileEncoding = 4; lastKnownFileType = sourcecode.c.objc; path = TZGifPhotoPreviewController.m; sourceTree = "<group>"; };
		B23474CF21AD2D0F00C2689B /* TZProgressView.h */ = {isa = PBXFileReference; fileEncoding = 4; lastKnownFileType = sourcecode.c.h; path = TZProgressView.h; sourceTree = "<group>"; };
		B23474DF21AD2D7E00C2689B /* Bridging_Header.h */ = {isa = PBXFileReference; lastKnownFileType = sourcecode.c.h; path = Bridging_Header.h; sourceTree = "<group>"; };
		B23474E021AD31ED00C2689B /* UITextViewExtension.swift */ = {isa = PBXFileReference; lastKnownFileType = sourcecode.swift; path = UITextViewExtension.swift; sourceTree = "<group>"; };
		B23474E221AD357D00C2689B /* MTChatController.swift */ = {isa = PBXFileReference; lastKnownFileType = sourcecode.swift; path = MTChatController.swift; sourceTree = "<group>"; };
		B23474E521AD3A2E00C2689B /* MTChatMessageController.swift */ = {isa = PBXFileReference; lastKnownFileType = sourcecode.swift; path = MTChatMessageController.swift; sourceTree = "<group>"; };
		B23474E921AD3FFC00C2689B /* Expression.bundle */ = {isa = PBXFileReference; lastKnownFileType = "wrapper.plug-in"; path = Expression.bundle; sourceTree = "<group>"; };
		B23474EA21AD3FFC00C2689B /* Expression.plist */ = {isa = PBXFileReference; fileEncoding = 4; lastKnownFileType = text.plist.xml; path = Expression.plist; sourceTree = "<group>"; };
		B23474EE21AD474400C2689B /* MTChatTools.swift */ = {isa = PBXFileReference; lastKnownFileType = sourcecode.swift; path = MTChatTools.swift; sourceTree = "<group>"; };
		CF4C5237533E91AB73127378 /* Pods-MTChat.release.xcconfig */ = {isa = PBXFileReference; includeInIndex = 1; lastKnownFileType = text.xcconfig; name = "Pods-MTChat.release.xcconfig"; path = "Pods/Target Support Files/Pods-MTChat/Pods-MTChat.release.xcconfig"; sourceTree = "<group>"; };
		E7AEFD258B1352A261443C3E /* Pods-MTChat.debug.xcconfig */ = {isa = PBXFileReference; includeInIndex = 1; lastKnownFileType = text.xcconfig; name = "Pods-MTChat.debug.xcconfig"; path = "Pods/Target Support Files/Pods-MTChat/Pods-MTChat.debug.xcconfig"; sourceTree = "<group>"; };
/* End PBXFileReference section */

/* Begin PBXFrameworksBuildPhase section */
		B234745021ABDA4300C2689B /* Frameworks */ = {
			isa = PBXFrameworksBuildPhase;
			buildActionMask = 2147483647;
			files = (
				DA59AF76E664A602A15DB872 /* Pods_MTChat.framework in Frameworks */,
			);
			runOnlyForDeploymentPostprocessing = 0;
		};
/* End PBXFrameworksBuildPhase section */

/* Begin PBXGroup section */
		73C62A6C7A498EF20C16968E /* Frameworks */ = {
			isa = PBXGroup;
			children = (
				9530A94A671CABA0310AB781 /* Pods_MTChat.framework */,
			);
			name = Frameworks;
			sourceTree = "<group>";
		};
		A49D8A67F119EF0C3253812A /* Pods */ = {
			isa = PBXGroup;
			children = (
				E7AEFD258B1352A261443C3E /* Pods-MTChat.debug.xcconfig */,
				CF4C5237533E91AB73127378 /* Pods-MTChat.release.xcconfig */,
			);
			name = Pods;
			sourceTree = "<group>";
		};
		B234744A21ABDA4300C2689B = {
			isa = PBXGroup;
			children = (
				B234745521ABDA4300C2689B /* MTChat */,
				B234745421ABDA4300C2689B /* Products */,
				A49D8A67F119EF0C3253812A /* Pods */,
				73C62A6C7A498EF20C16968E /* Frameworks */,
			);
			sourceTree = "<group>";
		};
		B234745421ABDA4300C2689B /* Products */ = {
			isa = PBXGroup;
			children = (
				B234745321ABDA4300C2689B /* MTChat.app */,
			);
			name = Products;
			sourceTree = "<group>";
		};
		B234745521ABDA4300C2689B /* MTChat */ = {
			isa = PBXGroup;
			children = (
				B234746821ABDEBB00C2689B /* Classes */,
				B234745621ABDA4300C2689B /* AppDelegate.swift */,
				B234745821ABDA4300C2689B /* ViewController.swift */,
				B234745A21ABDA4300C2689B /* Main.storyboard */,
				B234745D21ABDA4400C2689B /* Assets.xcassets */,
				B234745F21ABDA4400C2689B /* LaunchScreen.storyboard */,
				B234746221ABDA4400C2689B /* Info.plist */,
			);
			path = MTChat;
			sourceTree = "<group>";
		};
		B234746821ABDEBB00C2689B /* Classes */ = {
			isa = PBXGroup;
			children = (
				B23474E721AD3FEA00C2689B /* Resource */,
				B234749721ABF4DE00C2689B /* Global */,
				B234747A21ABE5F100C2689B /* Vendor */,
				B234747521ABE3C700C2689B /* Constant */,
				B234747421ABE29D00C2689B /* Extension */,
				B234746F21ABE14C00C2689B /* Protocols */,
				B234746921ABE06400C2689B /* Chat */,
			);
			path = Classes;
			sourceTree = "<group>";
		};
		B234746921ABE06400C2689B /* Chat */ = {
			isa = PBXGroup;
			children = (
				B23474ED21AD472900C2689B /* Tools */,
				B23474E421AD3A1A00C2689B /* Message */,
				B234746A21ABE07400C2689B /* Input */,
				B23474E221AD357D00C2689B /* MTChatController.swift */,
			);
			path = Chat;
			sourceTree = "<group>";
		};
		B234746A21ABE07400C2689B /* Input */ = {
			isa = PBXGroup;
			children = (
				B23474AA21ACE99600C2689B /* Helps */,
				B23474AD21ACE9F000C2689B /* Model */,
				B234746C21ABE0B800C2689B /* View */,
				B234746B21ABE0B000C2689B /* Controller */,
			);
			path = Input;
			sourceTree = "<group>";
		};
		B234746B21ABE0B000C2689B /* Controller */ = {
			isa = PBXGroup;
			children = (
				B234746D21ABE11100C2689B /* MTChatBarController.swift */,
			);
			path = Controller;
			sourceTree = "<group>";
		};
		B234746C21ABE0B800C2689B /* View */ = {
			isa = PBXGroup;
			children = (
				B234747221ABE25C00C2689B /* MTChatBarView.swift */,
				B23474A221ACD24400C2689B /* MTChatMoreView.swift */,
				B234749E21AC0C0800C2689B /* MTChatMoreCell.swift */,
				B23474A821ACE08A00C2689B /* MTChatEmotionView.swift */,
				B23474A621ACDF3D00C2689B /* MTChatEmotionCell.swift */,
				B23474B021ACF19C00C2689B /* MTChatVoiceView.swift */,
				B23474A021AC10CD00C2689B /* MTChatHorizontalLayout.swift */,
			);
			path = View;
			sourceTree = "<group>";
		};
		B234746F21ABE14C00C2689B /* Protocols */ = {
			isa = PBXGroup;
			children = (
				B234747021ABE1BA00C2689B /* MTUserType.swift */,
				B23474A421ACDD3100C2689B /* MTEmotionType.swift */,
			);
			path = Protocols;
			sourceTree = "<group>";
		};
		B234747421ABE29D00C2689B /* Extension */ = {
			isa = PBXGroup;
			children = (
				B234749521ABE89300C2689B /* UIColorExtension.swift */,
				B234749A21ABF9CB00C2689B /* UIViewExtension.swift */,
				B23474E021AD31ED00C2689B /* UITextViewExtension.swift */,
			);
			path = Extension;
			sourceTree = "<group>";
		};
		B234747521ABE3C700C2689B /* Constant */ = {
			isa = PBXGroup;
			children = (
				B234747621ABE3EC00C2689B /* MTChatConstant.swift */,
				B234747821ABE4E000C2689B /* MTChatEnums.swift */,
				B234749C21ABFDF900C2689B /* MTChatNoticeName.swift */,
			);
			path = Constant;
			sourceTree = "<group>";
		};
		B234747A21ABE5F100C2689B /* Vendor */ = {
			isa = PBXGroup;
			children = (
				B23474B221AD2D0E00C2689B /* TZImagePickerController */,
				B234749421ABE62D00C2689B /* Then */,
				B234747B21ABE61000C2689B /* Closures */,
			);
			path = Vendor;
			sourceTree = "<group>";
		};
		B234747B21ABE61000C2689B /* Closures */ = {
			isa = PBXGroup;
			children = (
				B234747C21ABE61000C2689B /* Source */,
				B234748721ABE61000C2689B /* Closures.h */,
			);
			path = Closures;
			sourceTree = "<group>";
		};
		B234747C21ABE61000C2689B /* Source */ = {
			isa = PBXGroup;
			children = (
				B234747D21ABE61000C2689B /* UIScrollView.swift */,
				B234747E21ABE61000C2689B /* UIImagePickerController.swift */,
				B234747F21ABE61000C2689B /* UIGestureRecognizer.swift */,
				B234748021ABE61000C2689B /* UIBarButtonItem.swift */,
				B234748121ABE61000C2689B /* UICollectionView.swift */,
				B234748221ABE61000C2689B /* UITableView.swift */,
				B234748321ABE61000C2689B /* UIPickerView.swift */,
				B234748421ABE61000C2689B /* Core.swift */,
				B234748521ABE61000C2689B /* UIControl.swift */,
				B234748621ABE61000C2689B /* KVO.swift */,
			);
			path = Source;
			sourceTree = "<group>";
		};
		B234749421ABE62D00C2689B /* Then */ = {
			isa = PBXGroup;
			children = (
				B234749221ABE62900C2689B /* Then.swift */,
			);
			path = Then;
			sourceTree = "<group>";
		};
		B234749721ABF4DE00C2689B /* Global */ = {
			isa = PBXGroup;
			children = (
				B234749821ABF4F200C2689B /* MTLogUtil.swift */,
				B23474DF21AD2D7E00C2689B /* Bridging_Header.h */,
			);
			path = Global;
			sourceTree = "<group>";
		};
		B23474AA21ACE99600C2689B /* Helps */ = {
			isa = PBXGroup;
			children = (
				B23474AB21ACE9AF00C2689B /* MTEmotionHelp.swift */,
			);
			path = Helps;
			sourceTree = "<group>";
		};
		B23474AD21ACE9F000C2689B /* Model */ = {
			isa = PBXGroup;
			children = (
				B23474AE21ACEA0000C2689B /* MTChatEmotion.swift */,
			);
			path = Model;
			sourceTree = "<group>";
		};
		B23474B221AD2D0E00C2689B /* TZImagePickerController */ = {
			isa = PBXGroup;
			children = (
				B23474B321AD2D0F00C2689B /* TZPhotoPreviewCell.h */,
				B23474B421AD2D0F00C2689B /* TZPhotoPickerController.h */,
				B23474B521AD2D0F00C2689B /* TZImageCropManager.m */,
				B23474B621AD2D0F00C2689B /* TZImageManager.h */,
				B23474B721AD2D0F00C2689B /* TZAssetCell.m */,
				B23474B821AD2D0F00C2689B /* TZVideoPlayerController.m */,
				B23474B921AD2D0F00C2689B /* TZAssetModel.m */,
				B23474BA21AD2D0F00C2689B /* NSBundle+TZImagePicker.m */,
				B23474BB21AD2D0F00C2689B /* TZLocationManager.h */,
				B23474BC21AD2D0F00C2689B /* TZImagePickerController.h */,
				B23474BD21AD2D0F00C2689B /* UIView+Layout.m */,
				B23474BE21AD2D0F00C2689B /* TZPhotoPreviewController.m */,
				B23474BF21AD2D0F00C2689B /* TZImagePickerController.bundle */,
				B23474C021AD2D0F00C2689B /* TZProgressView.m */,
				B23474C121AD2D0F00C2689B /* TZGifPhotoPreviewController.h */,
				B23474C221AD2D0F00C2689B /* TZAssetCell.h */,
				B23474C321AD2D0F00C2689B /* TZImageManager.m */,
				B23474C421AD2D0F00C2689B /* TZImageCropManager.h */,
				B23474C521AD2D0F00C2689B /* TZPhotoPickerController.m */,
				B23474C621AD2D0F00C2689B /* TZPhotoPreviewCell.m */,
				B23474C721AD2D0F00C2689B /* NSBundle+TZImagePicker.h */,
				B23474C821AD2D0F00C2689B /* TZAssetModel.h */,
				B23474C921AD2D0F00C2689B /* TZVideoPlayerController.h */,
				B23474CA21AD2D0F00C2689B /* TZPhotoPreviewController.h */,
				B23474CB21AD2D0F00C2689B /* UIView+Layout.h */,
				B23474CC21AD2D0F00C2689B /* TZImagePickerController.m */,
				B23474CD21AD2D0F00C2689B /* TZLocationManager.m */,
				B23474CE21AD2D0F00C2689B /* TZGifPhotoPreviewController.m */,
				B23474CF21AD2D0F00C2689B /* TZProgressView.h */,
			);
			path = TZImagePickerController;
			sourceTree = "<group>";
		};
		B23474E421AD3A1A00C2689B /* Message */ = {
			isa = PBXGroup;
			children = (
				B23474E521AD3A2E00C2689B /* MTChatMessageController.swift */,
			);
			path = Message;
			sourceTree = "<group>";
		};
		B23474E721AD3FEA00C2689B /* Resource */ = {
			isa = PBXGroup;
			children = (
				B23474E821AD3FFC00C2689B /* Emotion */,
			);
			path = Resource;
			sourceTree = "<group>";
		};
		B23474E821AD3FFC00C2689B /* Emotion */ = {
			isa = PBXGroup;
			children = (
				B23474E921AD3FFC00C2689B /* Expression.bundle */,
				B23474EA21AD3FFC00C2689B /* Expression.plist */,
			);
			path = Emotion;
			sourceTree = "<group>";
		};
		B23474ED21AD472900C2689B /* Tools */ = {
			isa = PBXGroup;
			children = (
				B23474EE21AD474400C2689B /* MTChatTools.swift */,
			);
			path = Tools;
			sourceTree = "<group>";
		};
/* End PBXGroup section */

/* Begin PBXNativeTarget section */
		B234745221ABDA4300C2689B /* MTChat */ = {
			isa = PBXNativeTarget;
			buildConfigurationList = B234746521ABDA4400C2689B /* Build configuration list for PBXNativeTarget "MTChat" */;
			buildPhases = (
				26546555C3B96989202F60C9 /* [CP] Check Pods Manifest.lock */,
				B234744F21ABDA4300C2689B /* Sources */,
				B234745021ABDA4300C2689B /* Frameworks */,
				B234745121ABDA4300C2689B /* Resources */,
				7F669F4D743DD8A6A6416CA5 /* [CP] Embed Pods Frameworks */,
			);
			buildRules = (
			);
			dependencies = (
			);
			name = MTChat;
			productName = MTChat;
			productReference = B234745321ABDA4300C2689B /* MTChat.app */;
			productType = "com.apple.product-type.application";
		};
/* End PBXNativeTarget section */

/* Begin PBXProject section */
		B234744B21ABDA4300C2689B /* Project object */ = {
			isa = PBXProject;
			attributes = {
				LastSwiftUpdateCheck = 1010;
				LastUpgradeCheck = 1010;
				ORGANIZATIONNAME = "IT A";
				TargetAttributes = {
					B234745221ABDA4300C2689B = {
						CreatedOnToolsVersion = 10.1;
					};
				};
			};
			buildConfigurationList = B234744E21ABDA4300C2689B /* Build configuration list for PBXProject "MTChat" */;
			compatibilityVersion = "Xcode 9.3";
			developmentRegion = en;
			hasScannedForEncodings = 0;
			knownRegions = (
				en,
				Base,
			);
			mainGroup = B234744A21ABDA4300C2689B;
			productRefGroup = B234745421ABDA4300C2689B /* Products */;
			projectDirPath = "";
			projectRoot = "";
			targets = (
				B234745221ABDA4300C2689B /* MTChat */,
			);
		};
/* End PBXProject section */

/* Begin PBXResourcesBuildPhase section */
		B234745121ABDA4300C2689B /* Resources */ = {
			isa = PBXResourcesBuildPhase;
			buildActionMask = 2147483647;
			files = (
				B234746121ABDA4400C2689B /* LaunchScreen.storyboard in Resources */,
				B23474D721AD2D0F00C2689B /* TZImagePickerController.bundle in Resources */,
				B234745E21ABDA4400C2689B /* Assets.xcassets in Resources */,
				B23474EB21AD3FFC00C2689B /* Expression.bundle in Resources */,
				B23474EC21AD3FFC00C2689B /* Expression.plist in Resources */,
				B234745C21ABDA4300C2689B /* Main.storyboard in Resources */,
			);
			runOnlyForDeploymentPostprocessing = 0;
		};
/* End PBXResourcesBuildPhase section */

/* Begin PBXShellScriptBuildPhase section */
		26546555C3B96989202F60C9 /* [CP] Check Pods Manifest.lock */ = {
			isa = PBXShellScriptBuildPhase;
			buildActionMask = 2147483647;
			files = (
			);
			inputPaths = (
				"${PODS_PODFILE_DIR_PATH}/Podfile.lock",
				"${PODS_ROOT}/Manifest.lock",
			);
			name = "[CP] Check Pods Manifest.lock";
			outputPaths = (
				"$(DERIVED_FILE_DIR)/Pods-MTChat-checkManifestLockResult.txt",
			);
			runOnlyForDeploymentPostprocessing = 0;
			shellPath = /bin/sh;
			shellScript = "diff \"${PODS_PODFILE_DIR_PATH}/Podfile.lock\" \"${PODS_ROOT}/Manifest.lock\" > /dev/null\nif [ $? != 0 ] ; then\n    # print error to STDERR\n    echo \"error: The sandbox is not in sync with the Podfile.lock. Run 'pod install' or update your CocoaPods installation.\" >&2\n    exit 1\nfi\n# This output is used by Xcode 'outputs' to avoid re-running this script phase.\necho \"SUCCESS\" > \"${SCRIPT_OUTPUT_FILE_0}\"\n";
			showEnvVarsInLog = 0;
		};
		7F669F4D743DD8A6A6416CA5 /* [CP] Embed Pods Frameworks */ = {
			isa = PBXShellScriptBuildPhase;
			buildActionMask = 2147483647;
			files = (
			);
			inputPaths = (
				"${SRCROOT}/Pods/Target Support Files/Pods-MTChat/Pods-MTChat-frameworks.sh",
				"${BUILT_PRODUCTS_DIR}/HandyJSON/HandyJSON.framework",
				"${BUILT_PRODUCTS_DIR}/IQKeyboardManagerSwift/IQKeyboardManagerSwift.framework",
				"${BUILT_PRODUCTS_DIR}/Kingfisher/Kingfisher.framework",
				"${BUILT_PRODUCTS_DIR}/MJRefresh/MJRefresh.framework",
				"${BUILT_PRODUCTS_DIR}/SVProgressHUD/SVProgressHUD.framework",
				"${BUILT_PRODUCTS_DIR}/SnapKit/SnapKit.framework",
				"${BUILT_PRODUCTS_DIR}/SwiftDate/SwiftDate.framework",
				"${BUILT_PRODUCTS_DIR}/SwiftyJSON/SwiftyJSON.framework",
				"${BUILT_PRODUCTS_DIR}/Toast-Swift/Toast_Swift.framework",
			);
			name = "[CP] Embed Pods Frameworks";
			outputPaths = (
				"${TARGET_BUILD_DIR}/${FRAMEWORKS_FOLDER_PATH}/HandyJSON.framework",
				"${TARGET_BUILD_DIR}/${FRAMEWORKS_FOLDER_PATH}/IQKeyboardManagerSwift.framework",
				"${TARGET_BUILD_DIR}/${FRAMEWORKS_FOLDER_PATH}/Kingfisher.framework",
				"${TARGET_BUILD_DIR}/${FRAMEWORKS_FOLDER_PATH}/MJRefresh.framework",
				"${TARGET_BUILD_DIR}/${FRAMEWORKS_FOLDER_PATH}/SVProgressHUD.framework",
				"${TARGET_BUILD_DIR}/${FRAMEWORKS_FOLDER_PATH}/SnapKit.framework",
				"${TARGET_BUILD_DIR}/${FRAMEWORKS_FOLDER_PATH}/SwiftDate.framework",
				"${TARGET_BUILD_DIR}/${FRAMEWORKS_FOLDER_PATH}/SwiftyJSON.framework",
				"${TARGET_BUILD_DIR}/${FRAMEWORKS_FOLDER_PATH}/Toast_Swift.framework",
			);
			runOnlyForDeploymentPostprocessing = 0;
			shellPath = /bin/sh;
			shellScript = "\"${SRCROOT}/Pods/Target Support Files/Pods-MTChat/Pods-MTChat-frameworks.sh\"\n";
			showEnvVarsInLog = 0;
		};
/* End PBXShellScriptBuildPhase section */

/* Begin PBXSourcesBuildPhase section */
		B234744F21ABDA4300C2689B /* Sources */ = {
			isa = PBXSourcesBuildPhase;
			buildActionMask = 2147483647;
			files = (
				B23474D421AD2D0F00C2689B /* NSBundle+TZImagePicker.m in Sources */,
				B23474A121AC10CD00C2689B /* MTChatHorizontalLayout.swift in Sources */,
				B23474E621AD3A2E00C2689B /* MTChatMessageController.swift in Sources */,
				B23474AC21ACE9AF00C2689B /* MTEmotionHelp.swift in Sources */,
				B23474D121AD2D0F00C2689B /* TZAssetCell.m in Sources */,
				B234745921ABDA4300C2689B /* ViewController.swift in Sources */,
				B23474E121AD31ED00C2689B /* UITextViewExtension.swift in Sources */,
				B234747121ABE1BA00C2689B /* MTUserType.swift in Sources */,
				B234749121ABE61000C2689B /* KVO.swift in Sources */,
				B234749921ABF4F200C2689B /* MTLogUtil.swift in Sources */,
				B23474DD21AD2D0F00C2689B /* TZLocationManager.m in Sources */,
				B23474E321AD357D00C2689B /* MTChatController.swift in Sources */,
				B23474D821AD2D0F00C2689B /* TZProgressView.m in Sources */,
				B234745721ABDA4300C2689B /* AppDelegate.swift in Sources */,
				B23474EF21AD474400C2689B /* MTChatTools.swift in Sources */,
				B234749621ABE89300C2689B /* UIColorExtension.swift in Sources */,
				B234748F21ABE61000C2689B /* Core.swift in Sources */,
				B234749D21ABFDF900C2689B /* MTChatNoticeName.swift in Sources */,
				B23474D521AD2D0F00C2689B /* UIView+Layout.m in Sources */,
				B23474D621AD2D0F00C2689B /* TZPhotoPreviewController.m in Sources */,
				B234748A21ABE61000C2689B /* UIGestureRecognizer.swift in Sources */,
				B23474DE21AD2D0F00C2689B /* TZGifPhotoPreviewController.m in Sources */,
				B234746E21ABE11100C2689B /* MTChatBarController.swift in Sources */,
				B234747921ABE4E000C2689B /* MTChatEnums.swift in Sources */,
				B23474DA21AD2D0F00C2689B /* TZPhotoPickerController.m in Sources */,
				B234748E21ABE61000C2689B /* UIPickerView.swift in Sources */,
				B234748C21ABE61000C2689B /* UICollectionView.swift in Sources */,
				B23474DB21AD2D0F00C2689B /* TZPhotoPreviewCell.m in Sources */,
				B23474D021AD2D0F00C2689B /* TZImageCropManager.m in Sources */,
				B23474D321AD2D0F00C2689B /* TZAssetModel.m in Sources */,
				B234749321ABE62900C2689B /* Then.swift in Sources */,
				B23474D921AD2D0F00C2689B /* TZImageManager.m in Sources */,
				B23474D221AD2D0F00C2689B /* TZVideoPlayerController.m in Sources */,
				B234749021ABE61000C2689B /* UIControl.swift in Sources */,
				B23474B121ACF19C00C2689B /* MTChatVoiceView.swift in Sources */,
				B23474A721ACDF3D00C2689B /* MTChatEmotionCell.swift in Sources */,
				B234748921ABE61000C2689B /* UIImagePickerController.swift in Sources */,
				B23474A321ACD24400C2689B /* MTChatMoreView.swift in Sources */,
				B234748B21ABE61000C2689B /* UIBarButtonItem.swift in Sources */,
				B23474DC21AD2D0F00C2689B /* TZImagePickerController.m in Sources */,
				B234748821ABE61000C2689B /* UIScrollView.swift in Sources */,
				B23474A921ACE08A00C2689B /* MTChatEmotionView.swift in Sources */,
				B234748D21ABE61000C2689B /* UITableView.swift in Sources */,
				B234749B21ABF9CB00C2689B /* UIViewExtension.swift in Sources */,
				B23474A521ACDD3100C2689B /* MTEmotionType.swift in Sources */,
				B23474AF21ACEA0000C2689B /* MTChatEmotion.swift in Sources */,
				B234747721ABE3EC00C2689B /* MTChatConstant.swift in Sources */,
				B234747321ABE25C00C2689B /* MTChatBarView.swift in Sources */,
				B234749F21AC0C0800C2689B /* MTChatMoreCell.swift in Sources */,
			);
			runOnlyForDeploymentPostprocessing = 0;
		};
/* End PBXSourcesBuildPhase section */

/* Begin PBXVariantGroup section */
		B234745A21ABDA4300C2689B /* Main.storyboard */ = {
			isa = PBXVariantGroup;
			children = (
				B234745B21ABDA4300C2689B /* Base */,
			);
			name = Main.storyboard;
			sourceTree = "<group>";
		};
		B234745F21ABDA4400C2689B /* LaunchScreen.storyboard */ = {
			isa = PBXVariantGroup;
			children = (
				B234746021ABDA4400C2689B /* Base */,
			);
			name = LaunchScreen.storyboard;
			sourceTree = "<group>";
		};
/* End PBXVariantGroup section */

/* Begin XCBuildConfiguration section */
		B234746321ABDA4400C2689B /* Debug */ = {
			isa = XCBuildConfiguration;
			buildSettings = {
				ALWAYS_SEARCH_USER_PATHS = NO;
				CLANG_ANALYZER_NONNULL = YES;
				CLANG_ANALYZER_NUMBER_OBJECT_CONVERSION = YES_AGGRESSIVE;
				CLANG_CXX_LANGUAGE_STANDARD = "gnu++14";
				CLANG_CXX_LIBRARY = "libc++";
				CLANG_ENABLE_MODULES = YES;
				CLANG_ENABLE_OBJC_ARC = YES;
				CLANG_ENABLE_OBJC_WEAK = YES;
				CLANG_WARN_BLOCK_CAPTURE_AUTORELEASING = YES;
				CLANG_WARN_BOOL_CONVERSION = YES;
				CLANG_WARN_COMMA = YES;
				CLANG_WARN_CONSTANT_CONVERSION = YES;
				CLANG_WARN_DEPRECATED_OBJC_IMPLEMENTATIONS = YES;
				CLANG_WARN_DIRECT_OBJC_ISA_USAGE = YES_ERROR;
				CLANG_WARN_DOCUMENTATION_COMMENTS = YES;
				CLANG_WARN_EMPTY_BODY = YES;
				CLANG_WARN_ENUM_CONVERSION = YES;
				CLANG_WARN_INFINITE_RECURSION = YES;
				CLANG_WARN_INT_CONVERSION = YES;
				CLANG_WARN_NON_LITERAL_NULL_CONVERSION = YES;
				CLANG_WARN_OBJC_IMPLICIT_RETAIN_SELF = YES;
				CLANG_WARN_OBJC_LITERAL_CONVERSION = YES;
				CLANG_WARN_OBJC_ROOT_CLASS = YES_ERROR;
				CLANG_WARN_RANGE_LOOP_ANALYSIS = YES;
				CLANG_WARN_STRICT_PROTOTYPES = YES;
				CLANG_WARN_SUSPICIOUS_MOVE = YES;
				CLANG_WARN_UNGUARDED_AVAILABILITY = YES_AGGRESSIVE;
				CLANG_WARN_UNREACHABLE_CODE = YES;
				CLANG_WARN__DUPLICATE_METHOD_MATCH = YES;
				CODE_SIGN_IDENTITY = "iPhone Developer";
				COPY_PHASE_STRIP = NO;
				DEBUG_INFORMATION_FORMAT = dwarf;
				ENABLE_STRICT_OBJC_MSGSEND = YES;
				ENABLE_TESTABILITY = YES;
				GCC_C_LANGUAGE_STANDARD = gnu11;
				GCC_DYNAMIC_NO_PIC = NO;
				GCC_NO_COMMON_BLOCKS = YES;
				GCC_OPTIMIZATION_LEVEL = 0;
				GCC_PREPROCESSOR_DEFINITIONS = (
					"DEBUG=1",
					"$(inherited)",
				);
				GCC_WARN_64_TO_32_BIT_CONVERSION = YES;
				GCC_WARN_ABOUT_RETURN_TYPE = YES_ERROR;
				GCC_WARN_UNDECLARED_SELECTOR = YES;
				GCC_WARN_UNINITIALIZED_AUTOS = YES_AGGRESSIVE;
				GCC_WARN_UNUSED_FUNCTION = YES;
				GCC_WARN_UNUSED_VARIABLE = YES;
				IPHONEOS_DEPLOYMENT_TARGET = 12.1;
				MTL_ENABLE_DEBUG_INFO = INCLUDE_SOURCE;
				MTL_FAST_MATH = YES;
				ONLY_ACTIVE_ARCH = YES;
				SDKROOT = iphoneos;
				SWIFT_ACTIVE_COMPILATION_CONDITIONS = DEBUG;
				SWIFT_OPTIMIZATION_LEVEL = "-Onone";
			};
			name = Debug;
		};
		B234746421ABDA4400C2689B /* Release */ = {
			isa = XCBuildConfiguration;
			buildSettings = {
				ALWAYS_SEARCH_USER_PATHS = NO;
				CLANG_ANALYZER_NONNULL = YES;
				CLANG_ANALYZER_NUMBER_OBJECT_CONVERSION = YES_AGGRESSIVE;
				CLANG_CXX_LANGUAGE_STANDARD = "gnu++14";
				CLANG_CXX_LIBRARY = "libc++";
				CLANG_ENABLE_MODULES = YES;
				CLANG_ENABLE_OBJC_ARC = YES;
				CLANG_ENABLE_OBJC_WEAK = YES;
				CLANG_WARN_BLOCK_CAPTURE_AUTORELEASING = YES;
				CLANG_WARN_BOOL_CONVERSION = YES;
				CLANG_WARN_COMMA = YES;
				CLANG_WARN_CONSTANT_CONVERSION = YES;
				CLANG_WARN_DEPRECATED_OBJC_IMPLEMENTATIONS = YES;
				CLANG_WARN_DIRECT_OBJC_ISA_USAGE = YES_ERROR;
				CLANG_WARN_DOCUMENTATION_COMMENTS = YES;
				CLANG_WARN_EMPTY_BODY = YES;
				CLANG_WARN_ENUM_CONVERSION = YES;
				CLANG_WARN_INFINITE_RECURSION = YES;
				CLANG_WARN_INT_CONVERSION = YES;
				CLANG_WARN_NON_LITERAL_NULL_CONVERSION = YES;
				CLANG_WARN_OBJC_IMPLICIT_RETAIN_SELF = YES;
				CLANG_WARN_OBJC_LITERAL_CONVERSION = YES;
				CLANG_WARN_OBJC_ROOT_CLASS = YES_ERROR;
				CLANG_WARN_RANGE_LOOP_ANALYSIS = YES;
				CLANG_WARN_STRICT_PROTOTYPES = YES;
				CLANG_WARN_SUSPICIOUS_MOVE = YES;
				CLANG_WARN_UNGUARDED_AVAILABILITY = YES_AGGRESSIVE;
				CLANG_WARN_UNREACHABLE_CODE = YES;
				CLANG_WARN__DUPLICATE_METHOD_MATCH = YES;
				CODE_SIGN_IDENTITY = "iPhone Developer";
				COPY_PHASE_STRIP = NO;
				DEBUG_INFORMATION_FORMAT = "dwarf-with-dsym";
				ENABLE_NS_ASSERTIONS = NO;
				ENABLE_STRICT_OBJC_MSGSEND = YES;
				GCC_C_LANGUAGE_STANDARD = gnu11;
				GCC_NO_COMMON_BLOCKS = YES;
				GCC_WARN_64_TO_32_BIT_CONVERSION = YES;
				GCC_WARN_ABOUT_RETURN_TYPE = YES_ERROR;
				GCC_WARN_UNDECLARED_SELECTOR = YES;
				GCC_WARN_UNINITIALIZED_AUTOS = YES_AGGRESSIVE;
				GCC_WARN_UNUSED_FUNCTION = YES;
				GCC_WARN_UNUSED_VARIABLE = YES;
				IPHONEOS_DEPLOYMENT_TARGET = 12.1;
				MTL_ENABLE_DEBUG_INFO = NO;
				MTL_FAST_MATH = YES;
				SDKROOT = iphoneos;
				SWIFT_COMPILATION_MODE = wholemodule;
				SWIFT_OPTIMIZATION_LEVEL = "-O";
				VALIDATE_PRODUCT = YES;
			};
			name = Release;
		};
		B234746621ABDA4400C2689B /* Debug */ = {
			isa = XCBuildConfiguration;
			baseConfigurationReference = E7AEFD258B1352A261443C3E /* Pods-MTChat.debug.xcconfig */;
			buildSettings = {
				ASSETCATALOG_COMPILER_APPICON_NAME = AppIcon;
				CODE_SIGN_STYLE = Automatic;
				DEVELOPMENT_TEAM = N3QT2G5S72;
				INFOPLIST_FILE = MTChat/Info.plist;
				LD_RUNPATH_SEARCH_PATHS = (
					"$(inherited)",
					"@executable_path/Frameworks",
				);
				PRODUCT_BUNDLE_IDENTIFIER = MQL.MTChat;
				PRODUCT_NAME = "$(TARGET_NAME)";
				SWIFT_OBJC_BRIDGING_HEADER = "$(SRCROOT)/MTChat/Classes/Global/Bridging_Header.h";
				SWIFT_VERSION = 4.2;
				TARGETED_DEVICE_FAMILY = "1,2";
			};
			name = Debug;
		};
		B234746721ABDA4400C2689B /* Release */ = {
			isa = XCBuildConfiguration;
			baseConfigurationReference = CF4C5237533E91AB73127378 /* Pods-MTChat.release.xcconfig */;
			buildSettings = {
				ASSETCATALOG_COMPILER_APPICON_NAME = AppIcon;
				CODE_SIGN_STYLE = Automatic;
				DEVELOPMENT_TEAM = N3QT2G5S72;
				INFOPLIST_FILE = MTChat/Info.plist;
				LD_RUNPATH_SEARCH_PATHS = (
					"$(inherited)",
					"@executable_path/Frameworks",
				);
				PRODUCT_BUNDLE_IDENTIFIER = MQL.MTChat;
				PRODUCT_NAME = "$(TARGET_NAME)";
				SWIFT_OBJC_BRIDGING_HEADER = "$(SRCROOT)/MTChat/Classes/Global/Bridging_Header.h";
				SWIFT_VERSION = 4.2;
				TARGETED_DEVICE_FAMILY = "1,2";
			};
			name = Release;
		};
/* End XCBuildConfiguration section */

/* Begin XCConfigurationList section */
		B234744E21ABDA4300C2689B /* Build configuration list for PBXProject "MTChat" */ = {
			isa = XCConfigurationList;
			buildConfigurations = (
				B234746321ABDA4400C2689B /* Debug */,
				B234746421ABDA4400C2689B /* Release */,
			);
			defaultConfigurationIsVisible = 0;
			defaultConfigurationName = Release;
		};
		B234746521ABDA4400C2689B /* Build configuration list for PBXNativeTarget "MTChat" */ = {
			isa = XCConfigurationList;
			buildConfigurations = (
				B234746621ABDA4400C2689B /* Debug */,
				B234746721ABDA4400C2689B /* Release */,
			);
			defaultConfigurationIsVisible = 0;
			defaultConfigurationName = Release;
		};
/* End XCConfigurationList section */
	};
	rootObject = B234744B21ABDA4300C2689B /* Project object */;
}
